# This file is autogenerated, do not edit; changes may be undone by the next 'dep ensure'.


[[projects]]
  name = "cloud.google.com/go"
  packages = ["compute/metadata"]
  revision = "0fd7230b2a7505833d5f69b75cbd6c9582401479"
  version = "v0.23.0"

[[projects]]
  branch = "master"
  name = "github.com/apache/beam"
  packages = ["sdks/go/pkg/beam","sdks/go/pkg/beam/artifact","sdks/go/pkg/beam/core/funcx","sdks/go/pkg/beam/core/graph","sdks/go/pkg/beam/core/graph/coder","sdks/go/pkg/beam/core/graph/mtime","sdks/go/pkg/beam/core/graph/window","sdks/go/pkg/beam/core/metrics","sdks/go/pkg/beam/core/runtime","sdks/go/pkg/beam/core/runtime/coderx","sdks/go/pkg/beam/core/runtime/exec","sdks/go/pkg/beam/core/runtime/exec/optimized","sdks/go/pkg/beam/core/runtime/graphx","sdks/go/pkg/beam/core/runtime/graphx/v1","sdks/go/pkg/beam/core/runtime/harness","sdks/go/pkg/beam/core/runtime/harness/init","sdks/go/pkg/beam/core/runtime/harness/session","sdks/go/pkg/beam/core/typex","sdks/go/pkg/beam/core/util/dot","sdks/go/pkg/beam/core/util/hooks","sdks/go/pkg/beam/core/util/ioutilx","sdks/go/pkg/beam/core/util/protox","sdks/go/pkg/beam/core/util/reflectx","sdks/go/pkg/beam/core/util/symtab","sdks/go/pkg/beam/io/filesystem","sdks/go/pkg/beam/io/filesystem/gcs","sdks/go/pkg/beam/io/filesystem/local","sdks/go/pkg/beam/io/pubsubio/v1","sdks/go/pkg/beam/io/textio","sdks/go/pkg/beam/log","sdks/go/pkg/beam/model/fnexecution_v1","sdks/go/pkg/beam/model/jobmanagement_v1","sdks/go/pkg/beam/model/pipeline_v1","sdks/go/pkg/beam/options/gcpopts","sdks/go/pkg/beam/options/jobopts","sdks/go/pkg/beam/provision","sdks/go/pkg/beam/runners/dataflow","sdks/go/pkg/beam/runners/direct","sdks/go/pkg/beam/runners/dot","sdks/go/pkg/beam/runners/flink","sdks/go/pkg/beam/runners/universal","sdks/go/pkg/beam/runners/universal/runnerlib","sdks/go/pkg/beam/transforms/stats","sdks/go/pkg/beam/util/errorx","sdks/go/pkg/beam/util/gcsx","sdks/go/pkg/beam/util/grpcx","sdks/go/pkg/beam/x/beamx","sdks/go/pkg/beam/x/hooks/perf"]
  revision = "d110f6b7610b26edc1eb9a4b698840b21c151847"

[[projects]]
  name = "github.com/golang/protobuf"
  packages = ["jsonpb","proto","protoc-gen-go/descriptor","ptypes","ptypes/any","ptypes/duration","ptypes/struct","ptypes/timestamp","ptypes/wrappers"]
  revision = "b4deda0973fb4c70b50d226b1af49f3da59f5265"
  version = "v1.1.0"

[[projects]]
  name = "go.opencensus.io"
  packages = ["exporter/stackdriver/propagation","internal","internal/tagencoding","plugin/ochttp","plugin/ochttp/propagation/b3","stats","stats/internal","stats/view","tag","trace","trace/internal","trace/propagation"]
  revision = "f7730ab009c252771b19074bd05217d054c0c93f"
  version = "v0.10.0"

[[projects]]
  branch = "master"
  name = "golang.org/x/net"
  packages = ["context","context/ctxhttp","http/httpguts","http2","http2/hpack","idna","internal/timeseries","trace"]
  revision = "9ef9f5bb98a1fdc41f8cf6c250a4404b4085e389"

[[projects]]
  branch = "master"
  name = "golang.org/x/oauth2"
  packages = [".","google","internal","jws","jwt"]
  revision = "770e5ebd4ab27c4d70b0983674d138217f5e2c72"

[[projects]]
  name = "golang.org/x/text"
  packages = ["collate","collate/build","internal/colltab","internal/gen","internal/tag","internal/triegen","internal/ucd","language","secure/bidirule","transform","unicode/bidi","unicode/cldr","unicode/norm","unicode/rangetable"]
  revision = "f21a4dfb5e38f5895301dc265a8def02365cc3d0"
  version = "v0.3.0"

[[projects]]
  branch = "master"
  name = "google.golang.org/api"
  packages = ["dataflow/v1b3","gensupport","googleapi","googleapi/internal/uritemplates","googleapi/transport","internal","option","storage/v1","transport/http"]
  revision = "348810ff778af56686d572415ce79e6c9fad9613"

[[projects]]
  name = "google.golang.org/appengine"
  packages = [".","internal","internal/app_identity","internal/base","internal/datastore","internal/log","internal/modules","internal/remote_api","internal/urlfetch","urlfetch"]
  revision = "150dc57a1b433e64154302bdc40b6bb8aefa313a"
  version = "v1.0.0"

[[projects]]
  branch = "master"
  name = "google.golang.org/genproto"
  packages = ["googleapis/rpc/status"]
  revision = "694d95ba50e67b2e363f3483057db5d4910c18f9"

[[projects]]
  name = "google.golang.org/grpc"
  packages = [".","balancer","balancer/base","balancer/roundrobin","channelz","codes","connectivity","credentials","encoding","encoding/proto","grpclb/grpc_lb_v1/messages","grpclog","internal","keepalive","metadata","naming","peer","resolver","resolver/dns","resolver/passthrough","stats","status","tap","transport"]
  revision = "41344da2231b913fa3d983840a57a6b1b7b631a1"
  version = "v1.12.0"

[solve-meta]
  analyzer-name = "dep"
  analyzer-version = 1
  inputs-digest = "f112e588b529ad489b72ca1b0764ff7f5bd8372270a578085d9fc4cf288a84bb"
  solver-name = "gps-cdcl"
  solver-version = 1
